
Microsoft Visual Studio Solution File, Format Version 12.00
# Visual Studio Version 16
VisualStudioVersion = 16.0.30309.148
MinimumVisualStudioVersion = 10.0.40219.1
Project("{FAE04EC0-301F-11D3-BF4B-00C04F79EFBC}") = "Hitsounder", "Hitsounder\Hitsounder.csproj", "{7E146E45-771B-4150-942B-4DBE83E15318}"
EndProject
Global
	GlobalSection(SolutionConfigurationPlatforms) = preSolution
		Debug|Any CPU = Debug|Any CPU
		Release|Any CPU = Release|Any CPU
	EndGlobalSection
	GlobalSection(ProjectConfigurationPlatforms) = postSolution
		{7E146E45-771B-4150-942B-4DBE83E15318}.Debug|Any CPU.ActiveCfg = Debug|Any CPU
		{7E146E45-771B-4150-942B-4DBE83E15318}.Debug|Any CPU.Build.0 = Debug|Any CPU
		{7E146E45-771B-4150-942B-4DBE83E15318}.Release|Any CPU.ActiveCfg = Release|Any CPU
		{7E146E45-771B-4150-942B-4DBE83E15318}.Release|Any CPU.Build.0 = Release|Any CPU
	EndGlobalSection
	GlobalSection(SolutionProperties) = preSolution
		HideSolutionNode = FALSE
	EndGlobalSection
	GlobalSection(ExtensibilityGlobals) = postSolution
		SolutionGuid = {6815F195-FD85-46D6-B7F6-8D754798C1D4}
	EndGlobalSection
EndGlobal
